// !$*UTF8*$!
{
	archiveVersion = 1;
	classes = {
	};
	objectVersion = 55;
	objects = {

/* Begin PBXBuildFile section */
		3B163E9C2ABEF20100BDF20A /* CategoryCell.swift in Sources */ = {isa = PBXBuildFile; fileRef = 3B163E9A2ABEF20100BDF20A /* CategoryCell.swift */; };
		3B163E9D2ABEF20100BDF20A /* CategoryCell.xib in Resources */ = {isa = PBXBuildFile; fileRef = 3B163E9B2ABEF20100BDF20A /* CategoryCell.xib */; };
		3B372B702AD1D08300BFF023 /* BreakingNewsManager.swift in Sources */ = {isa = PBXBuildFile; fileRef = 3B372B6F2AD1D08300BFF023 /* BreakingNewsManager.swift */; };
		3B4DFE132AC9995000F7CBB8 /* RelatedNewsCell.swift in Sources */ = {isa = PBXBuildFile; fileRef = 3B4DFE112AC9995000F7CBB8 /* RelatedNewsCell.swift */; };
		3B4DFE142AC9995000F7CBB8 /* RelatedNewsCell.xib in Resources */ = {isa = PBXBuildFile; fileRef = 3B4DFE122AC9995000F7CBB8 /* RelatedNewsCell.xib */; };
		3B6348D32ABC6868005458F0 /* CategorizedNewsController.swift in Sources */ = {isa = PBXBuildFile; fileRef = 3B6348D22ABC6868005458F0 /* CategorizedNewsController.swift */; };
		3B6348D52ABC71EC005458F0 /* NewsModel.swift in Sources */ = {isa = PBXBuildFile; fileRef = 3B6348D42ABC71EC005458F0 /* NewsModel.swift */; };
		3B6D964C2ABC354C00D3F31A /* Constants.swift in Sources */ = {isa = PBXBuildFile; fileRef = 3B6D964B2ABC354C00D3F31A /* Constants.swift */; };
		3B758E172ACDDFF5001AD0CB /* BreakingNewsViewController.swift in Sources */ = {isa = PBXBuildFile; fileRef = 3B758E162ACDDFF5001AD0CB /* BreakingNewsViewController.swift */; };
		3B7D4D3B2AC4664F00C1F188 /* ImageManager.swift in Sources */ = {isa = PBXBuildFile; fileRef = 3B7D4D3A2AC4664F00C1F188 /* ImageManager.swift */; };
		3B9887BB2ABB168D007327B5 /* AppDelegate.swift in Sources */ = {isa = PBXBuildFile; fileRef = 3B9887BA2ABB168D007327B5 /* AppDelegate.swift */; };
		3B9887BD2ABB168D007327B5 /* SceneDelegate.swift in Sources */ = {isa = PBXBuildFile; fileRef = 3B9887BC2ABB168D007327B5 /* SceneDelegate.swift */; };
		3B9887BF2ABB168D007327B5 /* ViewController.swift in Sources */ = {isa = PBXBuildFile; fileRef = 3B9887BE2ABB168D007327B5 /* ViewController.swift */; };
		3B9887C22ABB168D007327B5 /* Main.storyboard in Resources */ = {isa = PBXBuildFile; fileRef = 3B9887C02ABB168D007327B5 /* Main.storyboard */; };
		3B9887C42ABB168F007327B5 /* Assets.xcassets in Resources */ = {isa = PBXBuildFile; fileRef = 3B9887C32ABB168F007327B5 /* Assets.xcassets */; };
		3B9887C72ABB168F007327B5 /* LaunchScreen.storyboard in Resources */ = {isa = PBXBuildFile; fileRef = 3B9887C52ABB168F007327B5 /* LaunchScreen.storyboard */; };
		3B9887D02ABB1824007327B5 /* NewsManager.swift in Sources */ = {isa = PBXBuildFile; fileRef = 3B9887CF2ABB1824007327B5 /* NewsManager.swift */; };
		3B9887D22ABB5E44007327B5 /* NewsData.swift in Sources */ = {isa = PBXBuildFile; fileRef = 3B9887D12ABB5E44007327B5 /* NewsData.swift */; };
		5390BD2714FC2A81549CEF06 /* Pods_BBCClone.framework in Frameworks */ = {isa = PBXBuildFile; fileRef = ADAEF6721DD721AA6E0533A8 /* Pods_BBCClone.framework */; };
/* End PBXBuildFile section */

/* Begin PBXFileReference section */
		3B163E9A2ABEF20100BDF20A /* CategoryCell.swift */ = {isa = PBXFileReference; lastKnownFileType = sourcecode.swift; path = CategoryCell.swift; sourceTree = "<group>"; };
		3B163E9B2ABEF20100BDF20A /* CategoryCell.xib */ = {isa = PBXFileReference; lastKnownFileType = file.xib; path = CategoryCell.xib; sourceTree = "<group>"; };
		3B372B6F2AD1D08300BFF023 /* BreakingNewsManager.swift */ = {isa = PBXFileReference; lastKnownFileType = sourcecode.swift; path = BreakingNewsManager.swift; sourceTree = "<group>"; };
		3B4DFE112AC9995000F7CBB8 /* RelatedNewsCell.swift */ = {isa = PBXFileReference; lastKnownFileType = sourcecode.swift; path = RelatedNewsCell.swift; sourceTree = "<group>"; };
		3B4DFE122AC9995000F7CBB8 /* RelatedNewsCell.xib */ = {isa = PBXFileReference; lastKnownFileType = file.xib; path = RelatedNewsCell.xib; sourceTree = "<group>"; };
		3B6348D22ABC6868005458F0 /* CategorizedNewsController.swift */ = {isa = PBXFileReference; lastKnownFileType = sourcecode.swift; path = CategorizedNewsController.swift; sourceTree = "<group>"; };
		3B6348D42ABC71EC005458F0 /* NewsModel.swift */ = {isa = PBXFileReference; lastKnownFileType = sourcecode.swift; path = NewsModel.swift; sourceTree = "<group>"; };
		3B6D964B2ABC354C00D3F31A /* Constants.swift */ = {isa = PBXFileReference; lastKnownFileType = sourcecode.swift; path = Constants.swift; sourceTree = "<group>"; };
		3B758E162ACDDFF5001AD0CB /* BreakingNewsViewController.swift */ = {isa = PBXFileReference; lastKnownFileType = sourcecode.swift; path = BreakingNewsViewController.swift; sourceTree = "<group>"; };
		3B7D4D3A2AC4664F00C1F188 /* ImageManager.swift */ = {isa = PBXFileReference; lastKnownFileType = sourcecode.swift; path = ImageManager.swift; sourceTree = "<group>"; };
		3B9887B72ABB168D007327B5 /* BBCClone.app */ = {isa = PBXFileReference; explicitFileType = wrapper.application; includeInIndex = 0; path = BBCClone.app; sourceTree = BUILT_PRODUCTS_DIR; };
		3B9887BA2ABB168D007327B5 /* AppDelegate.swift */ = {isa = PBXFileReference; lastKnownFileType = sourcecode.swift; path = AppDelegate.swift; sourceTree = "<group>"; };
		3B9887BC2ABB168D007327B5 /* SceneDelegate.swift */ = {isa = PBXFileReference; lastKnownFileType = sourcecode.swift; path = SceneDelegate.swift; sourceTree = "<group>"; };
		3B9887BE2ABB168D007327B5 /* ViewController.swift */ = {isa = PBXFileReference; lastKnownFileType = sourcecode.swift; path = ViewController.swift; sourceTree = "<group>"; };
		3B9887C12ABB168D007327B5 /* Base */ = {isa = PBXFileReference; lastKnownFileType = file.storyboard; name = Base; path = Base.lproj/Main.storyboard; sourceTree = "<group>"; };
		3B9887C32ABB168F007327B5 /* Assets.xcassets */ = {isa = PBXFileReference; lastKnownFileType = folder.assetcatalog; path = Assets.xcassets; sourceTree = "<group>"; };
		3B9887C62ABB168F007327B5 /* Base */ = {isa = PBXFileReference; lastKnownFileType = file.storyboard; name = Base; path = Base.lproj/LaunchScreen.storyboard; sourceTree = "<group>"; };
		3B9887C82ABB168F007327B5 /* Info.plist */ = {isa = PBXFileReference; lastKnownFileType = text.plist.xml; path = Info.plist; sourceTree = "<group>"; };
		3B9887CF2ABB1824007327B5 /* NewsManager.swift */ = {isa = PBXFileReference; lastKnownFileType = sourcecode.swift; path = NewsManager.swift; sourceTree = "<group>"; };
		3B9887D12ABB5E44007327B5 /* NewsData.swift */ = {isa = PBXFileReference; lastKnownFileType = sourcecode.swift; path = NewsData.swift; sourceTree = "<group>"; };
		7E36C059271D3435BA38B158 /* Pods-BBCClone.release.xcconfig */ = {isa = PBXFileReference; includeInIndex = 1; lastKnownFileType = text.xcconfig; name = "Pods-BBCClone.release.xcconfig"; path = "Target Support Files/Pods-BBCClone/Pods-BBCClone.release.xcconfig"; sourceTree = "<group>"; };
		ADAEF6721DD721AA6E0533A8 /* Pods_BBCClone.framework */ = {isa = PBXFileReference; explicitFileType = wrapper.framework; includeInIndex = 0; path = Pods_BBCClone.framework; sourceTree = BUILT_PRODUCTS_DIR; };
		CCB2BF1B72F8B274CADBB285 /* Pods-BBCClone.debug.xcconfig */ = {isa = PBXFileReference; includeInIndex = 1; lastKnownFileType = text.xcconfig; name = "Pods-BBCClone.debug.xcconfig"; path = "Target Support Files/Pods-BBCClone/Pods-BBCClone.debug.xcconfig"; sourceTree = "<group>"; };
/* End PBXFileReference section */

/* Begin PBXFrameworksBuildPhase section */
		3B9887B42ABB168D007327B5 /* Frameworks */ = {
			isa = PBXFrameworksBuildPhase;
			buildActionMask = 2147483647;
			files = (
				5390BD2714FC2A81549CEF06 /* Pods_BBCClone.framework in Frameworks */,
			);
			runOnlyForDeploymentPostprocessing = 0;
		};
/* End PBXFrameworksBuildPhase section */

/* Begin PBXGroup section */
		3B163E992ABEF17200BDF20A /* View */ = {
			isa = PBXGroup;
			children = (
				3B9887C02ABB168D007327B5 /* Main.storyboard */,
				3B163E9A2ABEF20100BDF20A /* CategoryCell.swift */,
				3B163E9B2ABEF20100BDF20A /* CategoryCell.xib */,
				3B4DFE112AC9995000F7CBB8 /* RelatedNewsCell.swift */,
				3B4DFE122AC9995000F7CBB8 /* RelatedNewsCell.xib */,
			);
			path = View;
			sourceTree = "<group>";
		};
		3B6D964D2ABC5FD000D3F31A /* Controller */ = {
			isa = PBXGroup;
			children = (
				3B9887BE2ABB168D007327B5 /* ViewController.swift */,
				3B6348D22ABC6868005458F0 /* CategorizedNewsController.swift */,
				3B758E162ACDDFF5001AD0CB /* BreakingNewsViewController.swift */,
			);
			path = Controller;
			sourceTree = "<group>";
		};
		3B9887AE2ABB168D007327B5 = {
			isa = PBXGroup;
			children = (
				3B9887B92ABB168D007327B5 /* BBCClone */,
				3B9887B82ABB168D007327B5 /* Products */,
				FC2353BC8B0147F01E3073F2 /* Pods */,
				A1DAF431C19EC8A253E0C355 /* Frameworks */,
			);
			sourceTree = "<group>";
		};
		3B9887B82ABB168D007327B5 /* Products */ = {
			isa = PBXGroup;
			children = (
				3B9887B72ABB168D007327B5 /* BBCClone.app */,
			);
			name = Products;
			sourceTree = "<group>";
		};
		3B9887B92ABB168D007327B5 /* BBCClone */ = {
			isa = PBXGroup;
			children = (
				3B9887CE2ABB1803007327B5 /* Model */,
				3B163E992ABEF17200BDF20A /* View */,
				3B6D964D2ABC5FD000D3F31A /* Controller */,
				3B9887BA2ABB168D007327B5 /* AppDelegate.swift */,
				3B9887BC2ABB168D007327B5 /* SceneDelegate.swift */,
				3B9887C32ABB168F007327B5 /* Assets.xcassets */,
				3B9887C52ABB168F007327B5 /* LaunchScreen.storyboard */,
				3B9887C82ABB168F007327B5 /* Info.plist */,
				3B6D964B2ABC354C00D3F31A /* Constants.swift */,
			);
			path = BBCClone;
			sourceTree = "<group>";
		};
		3B9887CE2ABB1803007327B5 /* Model */ = {
			isa = PBXGroup;
			children = (
				3B9887CF2ABB1824007327B5 /* NewsManager.swift */,
				3B9887D12ABB5E44007327B5 /* NewsData.swift */,
				3B6348D42ABC71EC005458F0 /* NewsModel.swift */,
				3B7D4D3A2AC4664F00C1F188 /* ImageManager.swift */,
				3B372B6F2AD1D08300BFF023 /* BreakingNewsManager.swift */,
			);
			path = Model;
			sourceTree = "<group>";
		};
		A1DAF431C19EC8A253E0C355 /* Frameworks */ = {
			isa = PBXGroup;
			children = (
				ADAEF6721DD721AA6E0533A8 /* Pods_BBCClone.framework */,
			);
			name = Frameworks;
			sourceTree = "<group>";
		};
		FC2353BC8B0147F01E3073F2 /* Pods */ = {
			isa = PBXGroup;
			children = (
				CCB2BF1B72F8B274CADBB285 /* Pods-BBCClone.debug.xcconfig */,
				7E36C059271D3435BA38B158 /* Pods-BBCClone.release.xcconfig */,
			);
			path = Pods;
			sourceTree = "<group>";
		};
/* End PBXGroup section */

/* Begin PBXNativeTarget section */
		3B9887B62ABB168D007327B5 /* BBCClone */ = {
			isa = PBXNativeTarget;
			buildConfigurationList = 3B9887CB2ABB168F007327B5 /* Build configuration list for PBXNativeTarget "BBCClone" */;
			buildPhases = (
				934E451891CBE1516C3B8E3E /* [CP] Check Pods Manifest.lock */,
				3B9887B32ABB168D007327B5 /* Sources */,
				3B9887B42ABB168D007327B5 /* Frameworks */,
				3B9887B52ABB168D007327B5 /* Resources */,
				5E225736A34A10D9867098EF /* [CP] Embed Pods Frameworks */,
			);
			buildRules = (
			);
			dependencies = (
			);
			name = BBCClone;
			productName = BBCClone;
			productReference = 3B9887B72ABB168D007327B5 /* BBCClone.app */;
			productType = "com.apple.product-type.application";
		};
/* End PBXNativeTarget section */

/* Begin PBXProject section */
		3B9887AF2ABB168D007327B5 /* Project object */ = {
			isa = PBXProject;
			attributes = {
				BuildIndependentTargetsInParallel = 1;
				LastSwiftUpdateCheck = 1320;
				LastUpgradeCheck = 1320;
				TargetAttributes = {
					3B9887B62ABB168D007327B5 = {
						CreatedOnToolsVersion = 13.2.1;
					};
				};
			};
			buildConfigurationList = 3B9887B22ABB168D007327B5 /* Build configuration list for PBXProject "BBCClone" */;
			compatibilityVersion = "Xcode 13.0";
			developmentRegion = en;
			hasScannedForEncodings = 0;
			knownRegions = (
				en,
				Base,
			);
			mainGroup = 3B9887AE2ABB168D007327B5;
			productRefGroup = 3B9887B82ABB168D007327B5 /* Products */;
			projectDirPath = "";
			projectRoot = "";
			targets = (
				3B9887B62ABB168D007327B5 /* BBCClone */,
			);
		};
/* End PBXProject section */

/* Begin PBXResourcesBuildPhase section */
		3B9887B52ABB168D007327B5 /* Resources */ = {
			isa = PBXResourcesBuildPhase;
			buildActionMask = 2147483647;
			files = (
				3B9887C72ABB168F007327B5 /* LaunchScreen.storyboard in Resources */,
				3B9887C42ABB168F007327B5 /* Assets.xcassets in Resources */,
				3B4DFE142AC9995000F7CBB8 /* RelatedNewsCell.xib in Resources */,
				3B9887C22ABB168D007327B5 /* Main.storyboard in Resources */,
				3B163E9D2ABEF20100BDF20A /* CategoryCell.xib in Resources */,
			);
			runOnlyForDeploymentPostprocessing = 0;
		};
/* End PBXResourcesBuildPhase section */

/* Begin PBXShellScriptBuildPhase section */
		5E225736A34A10D9867098EF /* [CP] Embed Pods Frameworks */ = {
			isa = PBXShellScriptBuildPhase;
			buildActionMask = 2147483647;
			files = (
			);
			inputFileListPaths = (
				"${PODS_ROOT}/Target Support Files/Pods-BBCClone/Pods-BBCClone-frameworks-${CONFIGURATION}-input-files.xcfilelist",
			);
			name = "[CP] Embed Pods Frameworks";
			outputFileListPaths = (
				"${PODS_ROOT}/Target Support Files/Pods-BBCClone/Pods-BBCClone-frameworks-${CONFIGURATION}-output-files.xcfilelist",
			);
			runOnlyForDeploymentPostprocessing = 0;
			shellPath = /bin/sh;
			shellScript = "\"${PODS_ROOT}/Target Support Files/Pods-BBCClone/Pods-BBCClone-frameworks.sh\"\n";
			showEnvVarsInLog = 0;
		};
		934E451891CBE1516C3B8E3E /* [CP] Check Pods Manifest.lock */ = {
			isa = PBXShellScriptBuildPhase;
			buildActionMask = 2147483647;
			files = (
			);
			inputFileListPaths = (
			);
			inputPaths = (
				"${PODS_PODFILE_DIR_PATH}/Podfile.lock",
				"${PODS_ROOT}/Manifest.lock",
			);
			name = "[CP] Check Pods Manifest.lock";
			outputFileListPaths = (
			);
			outputPaths = (
				"$(DERIVED_FILE_DIR)/Pods-BBCClone-checkManifestLockResult.txt",
			);
			runOnlyForDeploymentPostprocessing = 0;
			shellPath = /bin/sh;
			shellScript = "diff \"${PODS_PODFILE_DIR_PATH}/Podfile.lock\" \"${PODS_ROOT}/Manifest.lock\" > /dev/null\nif [ $? != 0 ] ; then\n    # print error to STDERR\n    echo \"error: The sandbox is not in sync with the Podfile.lock. Run 'pod install' or update your CocoaPods installation.\" >&2\n    exit 1\nfi\n# This output is used by Xcode 'outputs' to avoid re-running this script phase.\necho \"SUCCESS\" > \"${SCRIPT_OUTPUT_FILE_0}\"\n";
			showEnvVarsInLog = 0;
		};
/* End PBXShellScriptBuildPhase section */

/* Begin PBXSourcesBuildPhase section */
		3B9887B32ABB168D007327B5 /* Sources */ = {
			isa = PBXSourcesBuildPhase;
			buildActionMask = 2147483647;
			files = (
				3B758E172ACDDFF5001AD0CB /* BreakingNewsViewController.swift in Sources */,
				3B6348D52ABC71EC005458F0 /* NewsModel.swift in Sources */,
				3B7D4D3B2AC4664F00C1F188 /* ImageManager.swift in Sources */,
				3B9887D02ABB1824007327B5 /* NewsManager.swift in Sources */,
				3B372B702AD1D08300BFF023 /* BreakingNewsManager.swift in Sources */,
				3B9887BF2ABB168D007327B5 /* ViewController.swift in Sources */,
				3B4DFE132AC9995000F7CBB8 /* RelatedNewsCell.swift in Sources */,
				3B9887BB2ABB168D007327B5 /* AppDelegate.swift in Sources */,
				3B6348D32ABC6868005458F0 /* CategorizedNewsController.swift in Sources */,
				3B163E9C2ABEF20100BDF20A /* CategoryCell.swift in Sources */,
				3B9887BD2ABB168D007327B5 /* SceneDelegate.swift in Sources */,
				3B9887D22ABB5E44007327B5 /* NewsData.swift in Sources */,
				3B6D964C2ABC354C00D3F31A /* Constants.swift in Sources */,
			);
			runOnlyForDeploymentPostprocessing = 0;
		};
/* End PBXSourcesBuildPhase section */

/* Begin PBXVariantGroup section */
		3B9887C02ABB168D007327B5 /* Main.storyboard */ = {
			isa = PBXVariantGroup;
			children = (
				3B9887C12ABB168D007327B5 /* Base */,
			);
			name = Main.storyboard;
			sourceTree = "<group>";
		};
		3B9887C52ABB168F007327B5 /* LaunchScreen.storyboard */ = {
			isa = PBXVariantGroup;
			children = (
				3B9887C62ABB168F007327B5 /* Base */,
			);
			name = LaunchScreen.storyboard;
			sourceTree = "<group>";
		};
/* End PBXVariantGroup section */

/* Begin XCBuildConfiguration section */
		3B9887C92ABB168F007327B5 /* Debug */ = {
			isa = XCBuildConfiguration;
			buildSettings = {
				ALWAYS_SEARCH_USER_PATHS = NO;
				CLANG_ANALYZER_NONNULL = YES;
				CLANG_ANALYZER_NUMBER_OBJECT_CONVERSION = YES_AGGRESSIVE;
				CLANG_CXX_LANGUAGE_STANDARD = "gnu++17";
				CLANG_CXX_LIBRARY = "libc++";
				CLANG_ENABLE_MODULES = YES;
				CLANG_ENABLE_OBJC_ARC = YES;
				CLANG_ENABLE_OBJC_WEAK = YES;
				CLANG_WARN_BLOCK_CAPTURE_AUTORELEASING = YES;
				CLANG_WARN_BOOL_CONVERSION = YES;
				CLANG_WARN_COMMA = YES;
				CLANG_WARN_CONSTANT_CONVERSION = YES;
				CLANG_WARN_DEPRECATED_OBJC_IMPLEMENTATIONS = YES;
				CLANG_WARN_DIRECT_OBJC_ISA_USAGE = YES_ERROR;
				CLANG_WARN_DOCUMENTATION_COMMENTS = YES;
				CLANG_WARN_EMPTY_BODY = YES;
				CLANG_WARN_ENUM_CONVERSION = YES;
				CLANG_WARN_INFINITE_RECURSION = YES;
				CLANG_WARN_INT_CONVERSION = YES;
				CLANG_WARN_NON_LITERAL_NULL_CONVERSION = YES;
				CLANG_WARN_OBJC_IMPLICIT_RETAIN_SELF = YES;
				CLANG_WARN_OBJC_LITERAL_CONVERSION = YES;
				CLANG_WARN_OBJC_ROOT_CLASS = YES_ERROR;
				CLANG_WARN_QUOTED_INCLUDE_IN_FRAMEWORK_HEADER = YES;
				CLANG_WARN_RANGE_LOOP_ANALYSIS = YES;
				CLANG_WARN_STRICT_PROTOTYPES = YES;
				CLANG_WARN_SUSPICIOUS_MOVE = YES;
				CLANG_WARN_UNGUARDED_AVAILABILITY = YES_AGGRESSIVE;
				CLANG_WARN_UNREACHABLE_CODE = YES;
				CLANG_WARN__DUPLICATE_METHOD_MATCH = YES;
				COPY_PHASE_STRIP = NO;
				DEBUG_INFORMATION_FORMAT = dwarf;
				ENABLE_STRICT_OBJC_MSGSEND = YES;
				ENABLE_TESTABILITY = YES;
				GCC_C_LANGUAGE_STANDARD = gnu11;
				GCC_DYNAMIC_NO_PIC = NO;
				GCC_NO_COMMON_BLOCKS = YES;
				GCC_OPTIMIZATION_LEVEL = 0;
				GCC_PREPROCESSOR_DEFINITIONS = (
					"DEBUG=1",
					"$(inherited)",
				);
				GCC_WARN_64_TO_32_BIT_CONVERSION = YES;
				GCC_WARN_ABOUT_RETURN_TYPE = YES_ERROR;
				GCC_WARN_UNDECLARED_SELECTOR = YES;
				GCC_WARN_UNINITIALIZED_AUTOS = YES_AGGRESSIVE;
				GCC_WARN_UNUSED_FUNCTION = YES;
				GCC_WARN_UNUSED_VARIABLE = YES;
				IPHONEOS_DEPLOYMENT_TARGET = 15.2;
				MTL_ENABLE_DEBUG_INFO = INCLUDE_SOURCE;
				MTL_FAST_MATH = YES;
				ONLY_ACTIVE_ARCH = YES;
				SDKROOT = iphoneos;
				SWIFT_ACTIVE_COMPILATION_CONDITIONS = DEBUG;
				SWIFT_OPTIMIZATION_LEVEL = "-Onone";
			};
			name = Debug;
		};
		3B9887CA2ABB168F007327B5 /* Release */ = {
			isa = XCBuildConfiguration;
			buildSettings = {
				ALWAYS_SEARCH_USER_PATHS = NO;
				CLANG_ANALYZER_NONNULL = YES;
				CLANG_ANALYZER_NUMBER_OBJECT_CONVERSION = YES_AGGRESSIVE;
				CLANG_CXX_LANGUAGE_STANDARD = "gnu++17";
				CLANG_CXX_LIBRARY = "libc++";
				CLANG_ENABLE_MODULES = YES;
				CLANG_ENABLE_OBJC_ARC = YES;
				CLANG_ENABLE_OBJC_WEAK = YES;
				CLANG_WARN_BLOCK_CAPTURE_AUTORELEASING = YES;
				CLANG_WARN_BOOL_CONVERSION = YES;
				CLANG_WARN_COMMA = YES;
				CLANG_WARN_CONSTANT_CONVERSION = YES;
				CLANG_WARN_DEPRECATED_OBJC_IMPLEMENTATIONS = YES;
				CLANG_WARN_DIRECT_OBJC_ISA_USAGE = YES_ERROR;
				CLANG_WARN_DOCUMENTATION_COMMENTS = YES;
				CLANG_WARN_EMPTY_BODY = YES;
				CLANG_WARN_ENUM_CONVERSION = YES;
				CLANG_WARN_INFINITE_RECURSION = YES;
				CLANG_WARN_INT_CONVERSION = YES;
				CLANG_WARN_NON_LITERAL_NULL_CONVERSION = YES;
				CLANG_WARN_OBJC_IMPLICIT_RETAIN_SELF = YES;
				CLANG_WARN_OBJC_LITERAL_CONVERSION = YES;
				CLANG_WARN_OBJC_ROOT_CLASS = YES_ERROR;
				CLANG_WARN_QUOTED_INCLUDE_IN_FRAMEWORK_HEADER = YES;
				CLANG_WARN_RANGE_LOOP_ANALYSIS = YES;
				CLANG_WARN_STRICT_PROTOTYPES = YES;
				CLANG_WARN_SUSPICIOUS_MOVE = YES;
				CLANG_WARN_UNGUARDED_AVAILABILITY = YES_AGGRESSIVE;
				CLANG_WARN_UNREACHABLE_CODE = YES;
				CLANG_WARN__DUPLICATE_METHOD_MATCH = YES;
				COPY_PHASE_STRIP = NO;
				DEBUG_INFORMATION_FORMAT = "dwarf-with-dsym";
				ENABLE_NS_ASSERTIONS = NO;
				ENABLE_STRICT_OBJC_MSGSEND = YES;
				GCC_C_LANGUAGE_STANDARD = gnu11;
				GCC_NO_COMMON_BLOCKS = YES;
				GCC_WARN_64_TO_32_BIT_CONVERSION = YES;
				GCC_WARN_ABOUT_RETURN_TYPE = YES_ERROR;
				GCC_WARN_UNDECLARED_SELECTOR = YES;
				GCC_WARN_UNINITIALIZED_AUTOS = YES_AGGRESSIVE;
				GCC_WARN_UNUSED_FUNCTION = YES;
				GCC_WARN_UNUSED_VARIABLE = YES;
				IPHONEOS_DEPLOYMENT_TARGET = 15.2;
				MTL_ENABLE_DEBUG_INFO = NO;
				MTL_FAST_MATH = YES;
				SDKROOT = iphoneos;
				SWIFT_COMPILATION_MODE = wholemodule;
				SWIFT_OPTIMIZATION_LEVEL = "-O";
				VALIDATE_PRODUCT = YES;
			};
			name = Release;
		};
		3B9887CC2ABB168F007327B5 /* Debug */ = {
			isa = XCBuildConfiguration;
			baseConfigurationReference = CCB2BF1B72F8B274CADBB285 /* Pods-BBCClone.debug.xcconfig */;
			buildSettings = {
				ASSETCATALOG_COMPILER_APPICON_NAME = AppIcon;
				ASSETCATALOG_COMPILER_GLOBAL_ACCENT_COLOR_NAME = AccentColor;
				CODE_SIGN_STYLE = Automatic;
				CURRENT_PROJECT_VERSION = 1;
				GENERATE_INFOPLIST_FILE = YES;
				INFOPLIST_FILE = BBCClone/Info.plist;
				INFOPLIST_KEY_UIApplicationSupportsIndirectInputEvents = YES;
				INFOPLIST_KEY_UILaunchStoryboardName = LaunchScreen;
				INFOPLIST_KEY_UIMainStoryboardFile = Main;
				INFOPLIST_KEY_UISupportedInterfaceOrientations_iPad = "UIInterfaceOrientationPortrait UIInterfaceOrientationPortraitUpsideDown UIInterfaceOrientationLandscapeLeft UIInterfaceOrientationLandscapeRight";
				INFOPLIST_KEY_UISupportedInterfaceOrientations_iPhone = "UIInterfaceOrientationPortrait UIInterfaceOrientationLandscapeLeft UIInterfaceOrientationLandscapeRight";
				LD_RUNPATH_SEARCH_PATHS = (
					"$(inherited)",
					"@executable_path/Frameworks",
				);
				MARKETING_VERSION = 1.0;
				PRODUCT_BUNDLE_IDENTIFIER = com.paingzay.BBCClone;
				PRODUCT_NAME = "$(TARGET_NAME)";
				SWIFT_EMIT_LOC_STRINGS = YES;
				SWIFT_VERSION = 5.0;
				TARGETED_DEVICE_FAMILY = "1,2";
			};
			name = Debug;
		};
		3B9887CD2ABB168F007327B5 /* Release */ = {
			isa = XCBuildConfiguration;
			baseConfigurationReference = 7E36C059271D3435BA38B158 /* Pods-BBCClone.release.xcconfig */;
			buildSettings = {
				ASSETCATALOG_COMPILER_APPICON_NAME = AppIcon;
				ASSETCATALOG_COMPILER_GLOBAL_ACCENT_COLOR_NAME = AccentColor;
				CODE_SIGN_STYLE = Automatic;
				CURRENT_PROJECT_VERSION = 1;
				GENERATE_INFOPLIST_FILE = YES;
				INFOPLIST_FILE = BBCClone/Info.plist;
				INFOPLIST_KEY_UIApplicationSupportsIndirectInputEvents = YES;
				INFOPLIST_KEY_UILaunchStoryboardName = LaunchScreen;
				INFOPLIST_KEY_UIMainStoryboardFile = Main;
				INFOPLIST_KEY_UISupportedInterfaceOrientations_iPad = "UIInterfaceOrientationPortrait UIInterfaceOrientationPortraitUpsideDown UIInterfaceOrientationLandscapeLeft UIInterfaceOrientationLandscapeRight";
				INFOPLIST_KEY_UISupportedInterfaceOrientations_iPhone = "UIInterfaceOrientationPortrait UIInterfaceOrientationLandscapeLeft UIInterfaceOrientationLandscapeRight";
				LD_RUNPATH_SEARCH_PATHS = (
					"$(inherited)",
					"@executable_path/Frameworks",
				);
				MARKETING_VERSION = 1.0;
				PRODUCT_BUNDLE_IDENTIFIER = com.paingzay.BBCClone;
				PRODUCT_NAME = "$(TARGET_NAME)";
				SWIFT_EMIT_LOC_STRINGS = YES;
				SWIFT_VERSION = 5.0;
				TARGETED_DEVICE_FAMILY = "1,2";
			};
			name = Release;
		};
/* End XCBuildConfiguration section */

/* Begin XCConfigurationList section */
		3B9887B22ABB168D007327B5 /* Build configuration list for PBXProject "BBCClone" */ = {
			isa = XCConfigurationList;
			buildConfigurations = (
				3B9887C92ABB168F007327B5 /* Debug */,
				3B9887CA2ABB168F007327B5 /* Release */,
			);
			defaultConfigurationIsVisible = 0;
			defaultConfigurationName = Release;
		};
		3B9887CB2ABB168F007327B5 /* Build configuration list for PBXNativeTarget "BBCClone" */ = {
			isa = XCConfigurationList;
			buildConfigurations = (
				3B9887CC2ABB168F007327B5 /* Debug */,
				3B9887CD2ABB168F007327B5 /* Release */,
			);
			defaultConfigurationIsVisible = 0;
			defaultConfigurationName = Release;
		};
/* End XCConfigurationList section */
	};
	rootObject = 3B9887AF2ABB168D007327B5 /* Project object */;
}
